{
  "name": "checkme",
  "version": "0.1.0",
  "lockfileVersion": 3,
  "requires": true,
  "packages": {
    "": {
      "name": "checkme",
      "version": "0.1.0",
      "workspaces": ["apps/*", "packages/*"],
      "engines": {"node": ">=24.18 <25"}
    },
    "apps/api": {"name":"@checkme/api","version":"0.1.0"},
    "apps/web": {"name":"@checkme/web","version":"0.1.0"},
    "apps/worker": {"name":"@checkme/worker","version":"0.1.0"},
    "packages/application": {"name":"@checkme/application","version":"0.1.0"},
    "packages/config": {"name":"@checkme/config","version":"0.1.0"},
    "packages/contracts": {"name":"@checkme/contracts","version":"0.1.0"},
    "packages/domain": {"name":"@checkme/domain","version":"0.1.0"},
    "packages/infrastructure": {"name":"@checkme/infrastructure","version":"0.1.0"},
    "packages/observability": {"name":"@checkme/observability","version":"0.1.0"},
    "packages/tooling": {"name":"@checkme/tooling","version":"0.1.0"},
    "packages/ui": {"name":"@checkme/ui","version":"0.1.0"}
  }
}
